
Microsoft Visual Studio Solution File, Format Version 12.00
# Visual Studio Version 17
VisualStudioVersion = 17.2.32630.192
MinimumVisualStudioVersion = 10.0.40219.1
Project("{9A19103F-16F7-4668-BE54-9A1E7A4F7556}") = "Course_project", "Course_project\Course_project.csproj", "{0914D416-641D-4F81-AB8A-AE65EDCEA295}"
EndProject
Project("{2150E333-8FDC-42A3-9474-1A3956D46DE8}") = "Domain", "Domain", "{7FADC70F-C160-461F-9BE6-6EEAE075C143}"
EndProject
Project("{9A19103F-16F7-4668-BE54-9A1E7A4F7556}") = "Course_project.Domain", "Course_project.DAL\Course_project.Domain.csproj", "{EA902D19-D8DA-459F-A4A7-F27F1CF6B2CE}"
EndProject
Project("{2150E333-8FDC-42A3-9474-1A3956D46DE8}") = "DAL", "DAL", "{3DC39865-D1FD-412E-81CB-9520030FB27C}"
EndProject
Project("{9A19103F-16F7-4668-BE54-9A1E7A4F7556}") = "Course_project.DAL", "Course_project.Domain\Course_project.DAL.csproj", "{A9E9083B-28F2-4F82-8788-36F3935E1AC3}"
EndProject
Project("{2150E333-8FDC-42A3-9474-1A3956D46DE8}") = "Service", "Service", "{6831F857-9864-48B5-9AC9-F9B6D9920BF8}"
EndProject
Project("{9A19103F-16F7-4668-BE54-9A1E7A4F7556}") = "Course_project.Service", "Course_project.Service\Course_project.Service.csproj", "{3450C93B-F7AE-4C3A-95F8-B03AF66E99AE}"
EndProject
Global
	GlobalSection(SolutionConfigurationPlatforms) = preSolution
		Debug|Any CPU = Debug|Any CPU
		Release|Any CPU = Release|Any CPU
	EndGlobalSection
	GlobalSection(ProjectConfigurationPlatforms) = postSolution
		{0914D416-641D-4F81-AB8A-AE65EDCEA295}.Debug|Any CPU.ActiveCfg = Debug|Any CPU
		{0914D416-641D-4F81-AB8A-AE65EDCEA295}.Debug|Any CPU.Build.0 = Debug|Any CPU
		{0914D416-641D-4F81-AB8A-AE65EDCEA295}.Release|Any CPU.ActiveCfg = Release|Any CPU
		{0914D416-641D-4F81-AB8A-AE65EDCEA295}.Release|Any CPU.Build.0 = Release|Any CPU
		{EA902D19-D8DA-459F-A4A7-F27F1CF6B2CE}.Debug|Any CPU.ActiveCfg = Debug|Any CPU
		{EA902D19-D8DA-459F-A4A7-F27F1CF6B2CE}.Debug|Any CPU.Build.0 = Debug|Any CPU
		{EA902D19-D8DA-459F-A4A7-F27F1CF6B2CE}.Release|Any CPU.ActiveCfg = Release|Any CPU
		{EA902D19-D8DA-459F-A4A7-F27F1CF6B2CE}.Release|Any CPU.Build.0 = Release|Any CPU
		{A9E9083B-28F2-4F82-8788-36F3935E1AC3}.Debug|Any CPU.ActiveCfg = Debug|Any CPU
		{A9E9083B-28F2-4F82-8788-36F3935E1AC3}.Debug|Any CPU.Build.0 = Debug|Any CPU
		{A9E9083B-28F2-4F82-8788-36F3935E1AC3}.Release|Any CPU.ActiveCfg = Release|Any CPU
		{A9E9083B-28F2-4F82-8788-36F3935E1AC3}.Release|Any CPU.Build.0 = Release|Any CPU
		{3450C93B-F7AE-4C3A-95F8-B03AF66E99AE}.Debug|Any CPU.ActiveCfg = Debug|Any CPU
		{3450C93B-F7AE-4C3A-95F8-B03AF66E99AE}.Debug|Any CPU.Build.0 = Debug|Any CPU
		{3450C93B-F7AE-4C3A-95F8-B03AF66E99AE}.Release|Any CPU.ActiveCfg = Release|Any CPU
		{3450C93B-F7AE-4C3A-95F8-B03AF66E99AE}.Release|Any CPU.Build.0 = Release|Any CPU
	EndGlobalSection
	GlobalSection(SolutionProperties) = preSolution
		HideSolutionNode = FALSE
	EndGlobalSection
	GlobalSection(NestedProjects) = preSolution
		{EA902D19-D8DA-459F-A4A7-F27F1CF6B2CE} = {7FADC70F-C160-461F-9BE6-6EEAE075C143}
		{A9E9083B-28F2-4F82-8788-36F3935E1AC3} = {3DC39865-D1FD-412E-81CB-9520030FB27C}
		{3450C93B-F7AE-4C3A-95F8-B03AF66E99AE} = {6831F857-9864-48B5-9AC9-F9B6D9920BF8}
	EndGlobalSection
	GlobalSection(ExtensibilityGlobals) = postSolution
		SolutionGuid = {0D85DDF8-DB58-4C15-BC44-6364C9B6FF1E}
	EndGlobalSection
EndGlobal
